
Microsoft Visual Studio Solution File, Format Version 12.00
# Visual Studio Version 16
VisualStudioVersion = 16.0.32106.194
MinimumVisualStudioVersion = 10.0.40219.1
Project("{FAE04EC0-301F-11D3-BF4B-00C04F79EFBC}") = "Abstraction", "Abstraction.csproj", "{93C416CF-1991-413E-99A2-F8FFCE41EABB}"
EndProject
Global
	GlobalSection(SolutionConfigurationPlatforms) = preSolution
		Debug|Any CPU = Debug|Any CPU
		Release|Any CPU = Release|Any CPU
	EndGlobalSection
	GlobalSection(ProjectConfigurationPlatforms) = postSolution
		{93C416CF-1991-413E-99A2-F8FFCE41EABB}.Debug|Any CPU.ActiveCfg = Debug|Any CPU
		{93C416CF-1991-413E-99A2-F8FFCE41EABB}.Debug|Any CPU.Build.0 = Debug|Any CPU
		{93C416CF-1991-413E-99A2-F8FFCE41EABB}.Release|Any CPU.ActiveCfg = Release|Any CPU
		{93C416CF-1991-413E-99A2-F8FFCE41EABB}.Release|Any CPU.Build.0 = Release|Any CPU
	EndGlobalSection
	GlobalSection(SolutionProperties) = preSolution
		HideSolutionNode = FALSE
	EndGlobalSection
	GlobalSection(ExtensibilityGlobals) = postSolution
		SolutionGuid = {00F6B95F-AD40-4D08-B7D3-7C366DAAD787}
	EndGlobalSection
EndGlobal
