
Microsoft Visual Studio Solution File, Format Version 12.00
# Visual Studio Version 16
VisualStudioVersion = 16.0.32106.194
MinimumVisualStudioVersion = 10.0.40219.1
Project("{FAE04EC0-301F-11D3-BF4B-00C04F79EFBC}") = "Interface", "Interface.csproj", "{245C5596-078B-403B-91AD-124846EAEFA9}"
EndProject
Global
	GlobalSection(SolutionConfigurationPlatforms) = preSolution
		Debug|Any CPU = Debug|Any CPU
		Release|Any CPU = Release|Any CPU
	EndGlobalSection
	GlobalSection(ProjectConfigurationPlatforms) = postSolution
		{245C5596-078B-403B-91AD-124846EAEFA9}.Debug|Any CPU.ActiveCfg = Debug|Any CPU
		{245C5596-078B-403B-91AD-124846EAEFA9}.Debug|Any CPU.Build.0 = Debug|Any CPU
		{245C5596-078B-403B-91AD-124846EAEFA9}.Release|Any CPU.ActiveCfg = Release|Any CPU
		{245C5596-078B-403B-91AD-124846EAEFA9}.Release|Any CPU.Build.0 = Release|Any CPU
	EndGlobalSection
	GlobalSection(SolutionProperties) = preSolution
		HideSolutionNode = FALSE
	EndGlobalSection
	GlobalSection(ExtensibilityGlobals) = postSolution
		SolutionGuid = {EB611EA9-0D84-405A-8536-C4E664146716}
	EndGlobalSection
EndGlobal
