
Microsoft Visual Studio Solution File, Format Version 12.00
# Visual Studio Version 16
VisualStudioVersion = 16.0.32106.194
MinimumVisualStudioVersion = 10.0.40219.1
Project("{FAE04EC0-301F-11D3-BF4B-00C04F79EFBC}") = "ODDEVEN", "ODDEVEN.csproj", "{A0B1E474-9D4B-468F-8AA6-DABC936B60D3}"
EndProject
Global
	GlobalSection(SolutionConfigurationPlatforms) = preSolution
		Debug|Any CPU = Debug|Any CPU
		Release|Any CPU = Release|Any CPU
	EndGlobalSection
	GlobalSection(ProjectConfigurationPlatforms) = postSolution
		{A0B1E474-9D4B-468F-8AA6-DABC936B60D3}.Debug|Any CPU.ActiveCfg = Debug|Any CPU
		{A0B1E474-9D4B-468F-8AA6-DABC936B60D3}.Debug|Any CPU.Build.0 = Debug|Any CPU
		{A0B1E474-9D4B-468F-8AA6-DABC936B60D3}.Release|Any CPU.ActiveCfg = Release|Any CPU
		{A0B1E474-9D4B-468F-8AA6-DABC936B60D3}.Release|Any CPU.Build.0 = Release|Any CPU
	EndGlobalSection
	GlobalSection(SolutionProperties) = preSolution
		HideSolutionNode = FALSE
	EndGlobalSection
	GlobalSection(ExtensibilityGlobals) = postSolution
		SolutionGuid = {F8C55C8A-CFF7-455E-BB51-C9DA46A94806}
	EndGlobalSection
EndGlobal
